
Microsoft Visual Studio Solution File, Format Version 10.00
# Visual Studio 2008
Project("{E24C65DC-7377-472B-9ABA-BC803B73C61A}") = "Gschool", ".", "{1003FD85-7A53-4875-A993-A20E5BAA2E59}"
	ProjectSection(WebsiteProperties) = preProject
		TargetFramework = "3.5"
		Debug.AspNetCompiler.VirtualPath = "/Gschool"
		Debug.AspNetCompiler.PhysicalPath = "K:\Gschool\"
		Debug.AspNetCompiler.TargetPath = "PrecompiledWeb\Gschool\"
		Debug.AspNetCompiler.Updateable = "true"
		Debug.AspNetCompiler.ForceOverwrite = "true"
		Debug.AspNetCompiler.FixedNames = "false"
		Debug.AspNetCompiler.Debug = "True"
		Release.AspNetCompiler.VirtualPath = "/Gschool"
		Release.AspNetCompiler.PhysicalPath = "K:\Gschool\"
		Release.AspNetCompiler.TargetPath = "PrecompiledWeb\Gschool\"
		Release.AspNetCompiler.Updateable = "true"
		Release.AspNetCompiler.ForceOverwrite = "true"
		Release.AspNetCompiler.FixedNames = "false"
		Release.AspNetCompiler.Debug = "False"
		VWDPort = "49194"
	EndProjectSection
EndProject
Global
	GlobalSection(SolutionConfigurationPlatforms) = preSolution
		Debug|.NET = Debug|.NET
	EndGlobalSection
	GlobalSection(ProjectConfigurationPlatforms) = postSolution
		{1003FD85-7A53-4875-A993-A20E5BAA2E59}.Debug|.NET.ActiveCfg = Debug|.NET
		{1003FD85-7A53-4875-A993-A20E5BAA2E59}.Debug|.NET.Build.0 = Debug|.NET
	EndGlobalSection
	GlobalSection(SolutionProperties) = preSolution
		HideSolutionNode = FALSE
	EndGlobalSection
EndGlobal
